{
  "name": "lambda-layer-builder",
  "version": "1.0.0",
  "lockfileVersion": 3,
  "requires": true,
  "packages": {
    "": {
      "name": "lambda-layer-builder",
      "version": "1.0.0",
      "license": "MIT",
      "dependencies": {
        "logger": "file:../logger"
      }
    },
    "node_modules/logger": {
      "version": "1.0.0",
      "resolved": "file:../logger",
      "license": "MIT"
    }
  }
}
