{
    "name": "banknotes-material-get",
    "version": "1.0.0",
    "lockfileVersion": 3,
    "requires": true,
    "packages": {
        "": {
            "name": "banknotes-material-get",
            "version": "1.0.0",
            "license": "MIT",
            "dependencies": {
                "logger": "file:../../CommonFunctions/logger"
            }
        },
        "node_modules/logger": {
            "version": "1.0.0",
            "resolved": "file:../../CommonFunctions/logger",
            "license": "MIT"
        }
    }
}